
Microsoft Visual Studio Solution File, Format Version 12.00
# Visual Studio Version 17
VisualStudioVersion = 17.5.33424.131
MinimumVisualStudioVersion = 10.0.40219.1
Project("{8BC9CEB8-8B4A-11D0-8D11-00A0C91BC942}") = "Proyecto tetris SIS457TETRISUSFX", "Proyecto tetris SIS457TETRISUSFX.vcxproj", "{D3636490-BE69-4D9D-A437-D4965EC8EE3A}"
EndProject
Global
	GlobalSection(SolutionConfigurationPlatforms) = preSolution
		Debug|x64 = Debug|x64
		Debug|x86 = Debug|x86
		Release|x64 = Release|x64
		Release|x86 = Release|x86
	EndGlobalSection
	GlobalSection(ProjectConfigurationPlatforms) = postSolution
		{D3636490-BE69-4D9D-A437-D4965EC8EE3A}.Debug|x64.ActiveCfg = Debug|x64
		{D3636490-BE69-4D9D-A437-D4965EC8EE3A}.Debug|x64.Build.0 = Debug|x64
		{D3636490-BE69-4D9D-A437-D4965EC8EE3A}.Debug|x86.ActiveCfg = Debug|Win32
		{D3636490-BE69-4D9D-A437-D4965EC8EE3A}.Debug|x86.Build.0 = Debug|Win32
		{D3636490-BE69-4D9D-A437-D4965EC8EE3A}.Release|x64.ActiveCfg = Release|x64
		{D3636490-BE69-4D9D-A437-D4965EC8EE3A}.Release|x64.Build.0 = Release|x64
		{D3636490-BE69-4D9D-A437-D4965EC8EE3A}.Release|x86.ActiveCfg = Release|Win32
		{D3636490-BE69-4D9D-A437-D4965EC8EE3A}.Release|x86.Build.0 = Release|Win32
	EndGlobalSection
	GlobalSection(SolutionProperties) = preSolution
		HideSolutionNode = FALSE
	EndGlobalSection
	GlobalSection(ExtensibilityGlobals) = postSolution
		SolutionGuid = {92103A4C-CFFB-4033-BA61-63E691B7BFBE}
	EndGlobalSection
EndGlobal
